
Microsoft Visual Studio Solution File, Format Version 12.00
# Visual Studio Version 16
VisualStudioVersion = 25.0.1700.0
MinimumVisualStudioVersion = 10.0.40219.1
Project("{FAE04EC0-301F-11D3-BF4B-00C04F79EFBC}") = "API", "API\API.csproj", "{0DE994EC-53D7-4840-A4A5-8BA8D9A0F739}"
EndProject
Project("{FAE04EC0-301F-11D3-BF4B-00C04F79EFBC}") = "CarouselTests", "CarouselTests\CarouselTests.csproj", "{018632F9-A647-4C37-80A6-EE8D5B10A27B}"
EndProject
Project("{2150E333-8FDC-42A3-9474-1A3956D46DE8}") = "Solution Items", "Solution Items", "{90CE9D10-FD3D-48ED-95C4-EDBA8136C0CD}"
	ProjectSection(SolutionItems) = preProject
		README.md = README.md
	EndProjectSection
EndProject
Global
	GlobalSection(SolutionConfigurationPlatforms) = preSolution
		Debug|Any CPU = Debug|Any CPU
		Release|Any CPU = Release|Any CPU
	EndGlobalSection
	GlobalSection(ProjectConfigurationPlatforms) = postSolution
		{0DE994EC-53D7-4840-A4A5-8BA8D9A0F739}.Debug|Any CPU.ActiveCfg = Debug|Any CPU
		{0DE994EC-53D7-4840-A4A5-8BA8D9A0F739}.Debug|Any CPU.Build.0 = Debug|Any CPU
		{0DE994EC-53D7-4840-A4A5-8BA8D9A0F739}.Release|Any CPU.ActiveCfg = Release|Any CPU
		{0DE994EC-53D7-4840-A4A5-8BA8D9A0F739}.Release|Any CPU.Build.0 = Release|Any CPU
		{018632F9-A647-4C37-80A6-EE8D5B10A27B}.Debug|Any CPU.ActiveCfg = Debug|Any CPU
		{018632F9-A647-4C37-80A6-EE8D5B10A27B}.Debug|Any CPU.Build.0 = Debug|Any CPU
		{018632F9-A647-4C37-80A6-EE8D5B10A27B}.Release|Any CPU.ActiveCfg = Release|Any CPU
		{018632F9-A647-4C37-80A6-EE8D5B10A27B}.Release|Any CPU.Build.0 = Release|Any CPU
	EndGlobalSection
	GlobalSection(SolutionProperties) = preSolution
		HideSolutionNode = FALSE
	EndGlobalSection
	GlobalSection(ExtensibilityGlobals) = postSolution
		SolutionGuid = {D9E06F66-C042-4DF9-AF59-E6471540179E}
	EndGlobalSection
EndGlobal
